# This file is automatically @generated by Cargo.
# It is not intended for manual editing.
version = 4

[[package]]
name = "myth-cli"
version = "0.1.0"

[[package]]
name = "myth-common"
version = "0.1.0"

[[package]]
name = "myth-db"
version = "0.1.0"

[[package]]
name = "myth-embed"
version = "0.1.0"

[[package]]
name = "myth-gavel"
version = "0.1.0"

[[package]]
name = "myth-hooks"
version = "0.1.0"

[[package]]
name = "myth-identity"
version = "0.1.0"

[[package]]
name = "myth-orchestrator"
version = "0.1.0"

[[package]]
name = "myth-runtime"
version = "0.1.0"

[[package]]
name = "myth-ui"
version = "0.1.0"
